
Microsoft Visual Studio Solution File, Format Version 12.00
# Visual Studio Version 16
VisualStudioVersion = 16.0.29215.179
MinimumVisualStudioVersion = 10.0.40219.1
Project("{FAE04EC0-301F-11D3-BF4B-00C04F79EFBC}") = "practica4", "practica4\practica4.csproj", "{D445B65B-6FF7-44EA-A940-11090FDCBC21}"
EndProject
Global
	GlobalSection(SolutionConfigurationPlatforms) = preSolution
		Debug|Any CPU = Debug|Any CPU
		Release|Any CPU = Release|Any CPU
	EndGlobalSection
	GlobalSection(ProjectConfigurationPlatforms) = postSolution
		{D445B65B-6FF7-44EA-A940-11090FDCBC21}.Debug|Any CPU.ActiveCfg = Debug|Any CPU
		{D445B65B-6FF7-44EA-A940-11090FDCBC21}.Debug|Any CPU.Build.0 = Debug|Any CPU
		{D445B65B-6FF7-44EA-A940-11090FDCBC21}.Release|Any CPU.ActiveCfg = Release|Any CPU
		{D445B65B-6FF7-44EA-A940-11090FDCBC21}.Release|Any CPU.Build.0 = Release|Any CPU
	EndGlobalSection
	GlobalSection(SolutionProperties) = preSolution
		HideSolutionNode = FALSE
	EndGlobalSection
	GlobalSection(ExtensibilityGlobals) = postSolution
		SolutionGuid = {6FFE754F-D22D-4F47-893D-15C27AC76FAB}
	EndGlobalSection
EndGlobal
